
Microsoft Visual Studio Solution File, Format Version 12.00
# Visual Studio 2013
VisualStudioVersion = 12.0.0.0
MinimumVisualStudioVersion = 10.0.0.1
Project("{FAE04EC0-301F-11D3-BF4B-00C04F79EFBC}") = "GpsUtilities", "GpsUtilities/GpsUtilities.csproj", "{3A963D14-BC6C-4670-9002-B1A8DC508B38}"
EndProject
Project("{FAE04EC0-301F-11D3-BF4B-00C04F79EFBC}") = "Tester", "Tester\Tester.csproj", "{6AB1D630-0396-4938-ACEE-B82DEDC4844F}"
EndProject
Project("{FAE04EC0-301F-11D3-BF4B-00C04F79EFBC}") = "UnitTests", "UnitTests\UnitTests.csproj", "{C7A2959C-62D6-4742-9605-B913C1570A51}"
EndProject
Global
	GlobalSection(SolutionConfigurationPlatforms) = preSolution
		Debug|Any CPU = Debug|Any CPU
		Release|Any CPU = Release|Any CPU
	EndGlobalSection
	GlobalSection(ProjectConfigurationPlatforms) = postSolution
		{3A963D14-BC6C-4670-9002-B1A8DC508B38}.Debug|Any CPU.ActiveCfg = Debug|Any CPU
		{3A963D14-BC6C-4670-9002-B1A8DC508B38}.Debug|Any CPU.Build.0 = Debug|Any CPU
		{3A963D14-BC6C-4670-9002-B1A8DC508B38}.Release|Any CPU.ActiveCfg = Release|Any CPU
		{3A963D14-BC6C-4670-9002-B1A8DC508B38}.Release|Any CPU.Build.0 = Release|Any CPU
		{6AB1D630-0396-4938-ACEE-B82DEDC4844F}.Debug|Any CPU.ActiveCfg = Debug|Any CPU
		{6AB1D630-0396-4938-ACEE-B82DEDC4844F}.Debug|Any CPU.Build.0 = Debug|Any CPU
		{6AB1D630-0396-4938-ACEE-B82DEDC4844F}.Release|Any CPU.ActiveCfg = Release|Any CPU
		{6AB1D630-0396-4938-ACEE-B82DEDC4844F}.Release|Any CPU.Build.0 = Release|Any CPU
		{C7A2959C-62D6-4742-9605-B913C1570A51}.Debug|Any CPU.ActiveCfg = Debug|Any CPU
		{C7A2959C-62D6-4742-9605-B913C1570A51}.Debug|Any CPU.Build.0 = Debug|Any CPU
		{C7A2959C-62D6-4742-9605-B913C1570A51}.Release|Any CPU.ActiveCfg = Release|Any CPU
		{C7A2959C-62D6-4742-9605-B913C1570A51}.Release|Any CPU.Build.0 = Release|Any CPU
	EndGlobalSection
	GlobalSection(SolutionProperties) = preSolution
		HideSolutionNode = FALSE
	EndGlobalSection
EndGlobal
